
Microsoft Visual Studio Solution File, Format Version 12.00
# Visual Studio Version 16
VisualStudioVersion = 16.0.32228.343
MinimumVisualStudioVersion = 10.0.40219.1
Project("{9A19103F-16F7-4668-BE54-9A1E7A4F7556}") = "WebStore", "WebStore\WebStore.csproj", "{FE904CA9-DD1D-48D0-9521-EB123A16045B}"
EndProject
Global
	GlobalSection(SolutionConfigurationPlatforms) = preSolution
		Debug|Any CPU = Debug|Any CPU
		Release|Any CPU = Release|Any CPU
	EndGlobalSection
	GlobalSection(ProjectConfigurationPlatforms) = postSolution
		{FE904CA9-DD1D-48D0-9521-EB123A16045B}.Debug|Any CPU.ActiveCfg = Debug|Any CPU
		{FE904CA9-DD1D-48D0-9521-EB123A16045B}.Debug|Any CPU.Build.0 = Debug|Any CPU
		{FE904CA9-DD1D-48D0-9521-EB123A16045B}.Release|Any CPU.ActiveCfg = Release|Any CPU
		{FE904CA9-DD1D-48D0-9521-EB123A16045B}.Release|Any CPU.Build.0 = Release|Any CPU
	EndGlobalSection
	GlobalSection(SolutionProperties) = preSolution
		HideSolutionNode = FALSE
	EndGlobalSection
	GlobalSection(ExtensibilityGlobals) = postSolution
		SolutionGuid = {B04A6C4F-F968-48FB-95C5-896A60D727BD}
	EndGlobalSection
EndGlobal
